
Microsoft Visual Studio Solution File, Format Version 12.00
# Visual Studio 15
VisualStudioVersion = 15.0.27703.2026
MinimumVisualStudioVersion = 10.0.40219.1
Project("{FAE04EC0-301F-11D3-BF4B-00C04F79EFBC}") = "AdventOfCode", "AdventOfCode\AdventOfCode.csproj", "{A49752D2-5458-4EC9-9F0C-3A6361913770}"
EndProject
Global
	GlobalSection(SolutionConfigurationPlatforms) = preSolution
		Debug|Any CPU = Debug|Any CPU
		Release|Any CPU = Release|Any CPU
	EndGlobalSection
	GlobalSection(ProjectConfigurationPlatforms) = postSolution
		{A49752D2-5458-4EC9-9F0C-3A6361913770}.Debug|Any CPU.ActiveCfg = Debug|Any CPU
		{A49752D2-5458-4EC9-9F0C-3A6361913770}.Debug|Any CPU.Build.0 = Debug|Any CPU
		{A49752D2-5458-4EC9-9F0C-3A6361913770}.Release|Any CPU.ActiveCfg = Release|Any CPU
		{A49752D2-5458-4EC9-9F0C-3A6361913770}.Release|Any CPU.Build.0 = Release|Any CPU
	EndGlobalSection
	GlobalSection(SolutionProperties) = preSolution
		HideSolutionNode = FALSE
	EndGlobalSection
	GlobalSection(ExtensibilityGlobals) = postSolution
		SolutionGuid = {77920520-55CB-4204-BEEC-F3BBBC27B6D4}
	EndGlobalSection
EndGlobal
